# This file is automatically @generated by Cargo.
# It is not intended for manual editing.
version = 4

[[package]]
name = "count_fields"
version = "0.1.0"
dependencies = [
 "simd-csv",
]

[[package]]
name = "memchr"
version = "2.7.6"
source = "registry+https://github.com/rust-lang/crates.io-index"
checksum = "f52b00d39961fc5b2736ea853c9cc86238e165017a493d1d5c8eac6bdc4cc273"

[[package]]
name = "simd-csv"
version = "0.10.3"
source = "registry+https://github.com/rust-lang/crates.io-index"
checksum = "cb8345c294dd2dd03346b00a38737587a928e361f17356b3858631f19c1c90d7"
dependencies = [
 "memchr",
]
